// !$*UTF8*$!
{
	archiveVersion = 1;
	classes = {
	};
	objectVersion = 56;
	objects = {

/* Begin PBXBuildFile section */
		1100000000000001 /* AmateurRadioBeaconApp.swift in Sources */ = {isa = PBXBuildFile; fileRef = 2200000000000001 /* AmateurRadioBeaconApp.swift */; };
		1100000000000002 /* BeaconMode.swift in Sources */ = {isa = PBXBuildFile; fileRef = 2200000000000002 /* BeaconMode.swift */; };
		1100000000000003 /* CadenceConfiguration.swift in Sources */ = {isa = PBXBuildFile; fileRef = 2200000000000003 /* CadenceConfiguration.swift */; };
		1100000000000004 /* Recording.swift in Sources */ = {isa = PBXBuildFile; fileRef = 2200000000000004 /* Recording.swift */; };
		1100000000000005 /* AudioSessionManager.swift in Sources */ = {isa = PBXBuildFile; fileRef = 2200000000000005 /* AudioSessionManager.swift */; };
		1100000000000006 /* ToneGeneratorService.swift in Sources */ = {isa = PBXBuildFile; fileRef = 2200000000000006 /* ToneGeneratorService.swift */; };
		1100000000000007 /* MorseCodeService.swift in Sources */ = {isa = PBXBuildFile; fileRef = 2200000000000007 /* MorseCodeService.swift */; };
		1100000000000008 /* RecordingService.swift in Sources */ = {isa = PBXBuildFile; fileRef = 2200000000000008 /* RecordingService.swift */; };
		1100000000000009 /* CadenceService.swift in Sources */ = {isa = PBXBuildFile; fileRef = 2200000000000009 /* CadenceService.swift */; };
		1100000000000010 /* BeaconViewModel.swift in Sources */ = {isa = PBXBuildFile; fileRef = 2200000000000010 /* BeaconViewModel.swift */; };
		1100000000000011 /* BeaconView.swift in Sources */ = {isa = PBXBuildFile; fileRef = 2200000000000011 /* BeaconView.swift */; };
		1100000000000013 /* ToneModeView.swift in Sources */ = {isa = PBXBuildFile; fileRef = 2200000000000013 /* ToneModeView.swift */; };
		1100000000000014 /* CWModeView.swift in Sources */ = {isa = PBXBuildFile; fileRef = 2200000000000014 /* CWModeView.swift */; };
		1100000000000015 /* MessageModeView.swift in Sources */ = {isa = PBXBuildFile; fileRef = 2200000000000015 /* MessageModeView.swift */; };
		1100000000000016 /* CadenceControlsView.swift in Sources */ = {isa = PBXBuildFile; fileRef = 2200000000000016 /* CadenceControlsView.swift */; };
		1100000000000017 /* BeaconButton.swift in Sources */ = {isa = PBXBuildFile; fileRef = 2200000000000017 /* BeaconButton.swift */; };
		1100000000000018 /* Assets.xcassets in Resources */ = {isa = PBXBuildFile; fileRef = 2200000000000018 /* Assets.xcassets */; };
		1100000000000019 /* ModeSelectionView.swift in Sources */ = {isa = PBXBuildFile; fileRef = 2200000000000019 /* ModeSelectionView.swift */; };
		1100000000000020 /* Logger.swift in Sources */ = {isa = PBXBuildFile; fileRef = 2200000000000020 /* Logger.swift */; };
		1100000000000021 /* AboutView.swift in Sources */ = {isa = PBXBuildFile; fileRef = 2200000000000021 /* AboutView.swift */; };
/* End PBXBuildFile section */

/* Begin PBXFileReference section */
		2200000000000001 /* AmateurRadioBeaconApp.swift */ = {isa = PBXFileReference; lastKnownFileType = sourcecode.swift; path = AmateurRadioBeaconApp.swift; sourceTree = "<group>"; };
		2200000000000002 /* BeaconMode.swift */ = {isa = PBXFileReference; lastKnownFileType = sourcecode.swift; path = BeaconMode.swift; sourceTree = "<group>"; };
		2200000000000003 /* CadenceConfiguration.swift */ = {isa = PBXFileReference; lastKnownFileType = sourcecode.swift; path = CadenceConfiguration.swift; sourceTree = "<group>"; };
		2200000000000004 /* Recording.swift */ = {isa = PBXFileReference; lastKnownFileType = sourcecode.swift; path = Recording.swift; sourceTree = "<group>"; };
		2200000000000005 /* AudioSessionManager.swift */ = {isa = PBXFileReference; lastKnownFileType = sourcecode.swift; path = AudioSessionManager.swift; sourceTree = "<group>"; };
		2200000000000006 /* ToneGeneratorService.swift */ = {isa = PBXFileReference; lastKnownFileType = sourcecode.swift; path = ToneGeneratorService.swift; sourceTree = "<group>"; };
		2200000000000007 /* MorseCodeService.swift */ = {isa = PBXFileReference; lastKnownFileType = sourcecode.swift; path = MorseCodeService.swift; sourceTree = "<group>"; };
		2200000000000008 /* RecordingService.swift */ = {isa = PBXFileReference; lastKnownFileType = sourcecode.swift; path = RecordingService.swift; sourceTree = "<group>"; };
		2200000000000009 /* CadenceService.swift */ = {isa = PBXFileReference; lastKnownFileType = sourcecode.swift; path = CadenceService.swift; sourceTree = "<group>"; };
		2200000000000010 /* BeaconViewModel.swift */ = {isa = PBXFileReference; lastKnownFileType = sourcecode.swift; path = BeaconViewModel.swift; sourceTree = "<group>"; };
		2200000000000011 /* BeaconView.swift */ = {isa = PBXFileReference; lastKnownFileType = sourcecode.swift; path = BeaconView.swift; sourceTree = "<group>"; };
		2200000000000013 /* ToneModeView.swift */ = {isa = PBXFileReference; lastKnownFileType = sourcecode.swift; path = ToneModeView.swift; sourceTree = "<group>"; };
		2200000000000014 /* CWModeView.swift */ = {isa = PBXFileReference; lastKnownFileType = sourcecode.swift; path = CWModeView.swift; sourceTree = "<group>"; };
		2200000000000015 /* MessageModeView.swift */ = {isa = PBXFileReference; lastKnownFileType = sourcecode.swift; path = MessageModeView.swift; sourceTree = "<group>"; };
		2200000000000016 /* CadenceControlsView.swift */ = {isa = PBXFileReference; lastKnownFileType = sourcecode.swift; path = CadenceControlsView.swift; sourceTree = "<group>"; };
		2200000000000017 /* BeaconButton.swift */ = {isa = PBXFileReference; lastKnownFileType = sourcecode.swift; path = BeaconButton.swift; sourceTree = "<group>"; };
		2200000000000018 /* Assets.xcassets */ = {isa = PBXFileReference; lastKnownFileType = folder.assetcatalog; path = Assets.xcassets; sourceTree = "<group>"; };
		2200000000000019 /* ModeSelectionView.swift */ = {isa = PBXFileReference; lastKnownFileType = sourcecode.swift; path = ModeSelectionView.swift; sourceTree = "<group>"; };
		3300000000000001 /* AmateurRadioBeacon.app */ = {isa = PBXFileReference; explicitFileType = wrapper.application; includeInIndex = 0; path = AmateurRadioBeacon.app; sourceTree = BUILT_PRODUCTS_DIR; };
		2200000000000020 /* Logger.swift */ = {isa = PBXFileReference; lastKnownFileType = sourcecode.swift; path = Logger.swift; sourceTree = "<group>"; };
		2200000000000021 /* AboutView.swift */ = {isa = PBXFileReference; lastKnownFileType = sourcecode.swift; path = AboutView.swift; sourceTree = "<group>"; };
/* End PBXFileReference section */

/* Begin PBXFrameworksBuildPhase section */
		4400000000000001 /* Frameworks */ = {
			isa = PBXFrameworksBuildPhase;
			buildActionMask = 2147483647;
			files = (
			);
			runOnlyForDeploymentPostprocessing = 0;
		};
/* End PBXFrameworksBuildPhase section */

/* Begin PBXGroup section */
		5500000000000001 = {
			isa = PBXGroup;
			children = (
				5500000000000002 /* AmateurRadioBeacon */,
				5500000000000009 /* Products */,
			);
			sourceTree = "<group>";
		};
		5500000000000002 /* AmateurRadioBeacon */ = {
			isa = PBXGroup;
			children = (
				5500000000000003 /* App */,
				5500000000000004 /* Models */,
				5500000000000005 /* Services */,
				5500000000000008 /* Utilities */,
				5500000000000006 /* ViewModels */,
				5500000000000007 /* Views */,
				2200000000000018 /* Assets.xcassets */,
			);
			path = AmateurRadioBeacon;
			sourceTree = "<group>";
		};
		5500000000000003 /* App */ = {
			isa = PBXGroup;
			children = (
				2200000000000001 /* AmateurRadioBeaconApp.swift */,
			);
			path = App;
			sourceTree = "<group>";
		};
		5500000000000004 /* Models */ = {
			isa = PBXGroup;
			children = (
				2200000000000002 /* BeaconMode.swift */,
				2200000000000003 /* CadenceConfiguration.swift */,
				2200000000000004 /* Recording.swift */,
			);
			path = Models;
			sourceTree = "<group>";
		};
		5500000000000005 /* Services */ = {
			isa = PBXGroup;
			children = (
				2200000000000005 /* AudioSessionManager.swift */,
				2200000000000006 /* ToneGeneratorService.swift */,
				2200000000000007 /* MorseCodeService.swift */,
				2200000000000008 /* RecordingService.swift */,
				2200000000000009 /* CadenceService.swift */,
			);
			path = Services;
			sourceTree = "<group>";
		};
		5500000000000006 /* ViewModels */ = {
			isa = PBXGroup;
			children = (
				2200000000000010 /* BeaconViewModel.swift */,
			);
			path = ViewModels;
			sourceTree = "<group>";
		};
		5500000000000007 /* Views */ = {
			isa = PBXGroup;
			children = (
				2200000000000021 /* AboutView.swift */,
				2200000000000011 /* BeaconView.swift */,
				2200000000000013 /* ToneModeView.swift */,
				2200000000000014 /* CWModeView.swift */,
				2200000000000015 /* MessageModeView.swift */,
				2200000000000016 /* CadenceControlsView.swift */,
				2200000000000017 /* BeaconButton.swift */,
				2200000000000019 /* ModeSelectionView.swift */,
			);
			path = Views;
			sourceTree = "<group>";
		};
		5500000000000008 /* Utilities */ = {
			isa = PBXGroup;
			children = (
				2200000000000020 /* Logger.swift */,
			);
			path = Utilities;
			sourceTree = "<group>";
		};
		5500000000000009 /* Products */ = {
			isa = PBXGroup;
			children = (
				3300000000000001 /* AmateurRadioBeacon.app */,
			);
			name = Products;
			sourceTree = "<group>";
		};
/* End PBXGroup section */

/* Begin PBXNativeTarget section */
		6600000000000001 /* AmateurRadioBeacon */ = {
			isa = PBXNativeTarget;
			buildConfigurationList = 7700000000000003 /* Build configuration list for PBXNativeTarget "AmateurRadioBeacon" */;
			buildPhases = (
				6600000000000002 /* Sources */,
				4400000000000001 /* Frameworks */,
				6600000000000003 /* Resources */,
			);
			buildRules = (
			);
			dependencies = (
			);
			name = AmateurRadioBeacon;
			productName = AmateurRadioBeacon;
			productReference = 3300000000000001 /* AmateurRadioBeacon.app */;
			productType = "com.apple.product-type.application";
		};
/* End PBXNativeTarget section */

/* Begin PBXProject section */
		0800000000000001 /* Project object */ = {
			isa = PBXProject;
			attributes = {
				BuildIndependentTargetsInParallel = 1;
				LastSwiftUpdateCheck = 1500;
				LastUpgradeCheck = 1500;
				TargetAttributes = {
					6600000000000001 = {
						CreatedOnToolsVersion = 15.0;
					};
				};
			};
			buildConfigurationList = 7700000000000001 /* Build configuration list for PBXProject "AmateurRadioBeacon" */;
			compatibilityVersion = "Xcode 14.0";
			developmentRegion = en;
			hasScannedForEncodings = 0;
			knownRegions = (
				en,
				Base,
			);
			mainGroup = 5500000000000001;
			productRefGroup = 5500000000000009 /* Products */;
			projectDirPath = "";
			projectRoot = "";
			targets = (
				6600000000000001 /* AmateurRadioBeacon */,
			);
		};
/* End PBXProject section */

/* Begin PBXResourcesBuildPhase section */
		6600000000000003 /* Resources */ = {
			isa = PBXResourcesBuildPhase;
			buildActionMask = 2147483647;
			files = (
				1100000000000018 /* Assets.xcassets in Resources */,
			);
			runOnlyForDeploymentPostprocessing = 0;
		};
/* End PBXResourcesBuildPhase section */

/* Begin PBXSourcesBuildPhase section */
		6600000000000002 /* Sources */ = {
			isa = PBXSourcesBuildPhase;
			buildActionMask = 2147483647;
			files = (
				1100000000000001 /* AmateurRadioBeaconApp.swift in Sources */,
				1100000000000002 /* BeaconMode.swift in Sources */,
				1100000000000003 /* CadenceConfiguration.swift in Sources */,
				1100000000000004 /* Recording.swift in Sources */,
				1100000000000005 /* AudioSessionManager.swift in Sources */,
				1100000000000006 /* ToneGeneratorService.swift in Sources */,
				1100000000000007 /* MorseCodeService.swift in Sources */,
				1100000000000008 /* RecordingService.swift in Sources */,
				1100000000000009 /* CadenceService.swift in Sources */,
				1100000000000010 /* BeaconViewModel.swift in Sources */,
				1100000000000011 /* BeaconView.swift in Sources */,
				1100000000000013 /* ToneModeView.swift in Sources */,
				1100000000000014 /* CWModeView.swift in Sources */,
				1100000000000015 /* MessageModeView.swift in Sources */,
				1100000000000016 /* CadenceControlsView.swift in Sources */,
				1100000000000017 /* BeaconButton.swift in Sources */,
				1100000000000019 /* ModeSelectionView.swift in Sources */,
				1100000000000020 /* Logger.swift in Sources */,
				1100000000000021 /* AboutView.swift in Sources */,
			);
			runOnlyForDeploymentPostprocessing = 0;
		};
/* End PBXSourcesBuildPhase section */

/* Begin XCBuildConfiguration section */
		8800000000000001 /* Debug */ = {
			isa = XCBuildConfiguration;
			buildSettings = {
				ALWAYS_SEARCH_USER_PATHS = NO;
				ASSETCATALOG_COMPILER_GENERATE_SWIFT_ASSET_SYMBOL_EXTENSIONS = YES;
				CLANG_ANALYZER_NONNULL = YES;
				CLANG_ANALYZER_NUMBER_OBJECT_CONVERSION = YES_AGGRESSIVE;
				CLANG_CXX_LANGUAGE_STANDARD = "gnu++20";
				CLANG_ENABLE_MODULES = YES;
				CLANG_ENABLE_OBJC_ARC = YES;
				CLANG_ENABLE_OBJC_WEAK = YES;
				CLANG_WARN_BLOCK_CAPTURE_AUTORELEASING = YES;
				CLANG_WARN_BOOL_CONVERSION = YES;
				CLANG_WARN_COMMA = YES;
				CLANG_WARN_CONSTANT_CONVERSION = YES;
				CLANG_WARN_DEPRECATED_OBJC_IMPLEMENTATIONS = YES;
				CLANG_WARN_DIRECT_OBJC_ISA_USAGE = YES_ERROR;
				CLANG_WARN_DOCUMENTATION_COMMENTS = YES;
				CLANG_WARN_EMPTY_BODY = YES;
				CLANG_WARN_ENUM_CONVERSION = YES;
				CLANG_WARN_INFINITE_RECURSION = YES;
				CLANG_WARN_INT_CONVERSION = YES;
				CLANG_WARN_NON_LITERAL_NULL_CONVERSION = YES;
				CLANG_WARN_OBJC_IMPLICIT_RETAIN_SELF = YES;
				CLANG_WARN_OBJC_LITERAL_CONVERSION = YES;
				CLANG_WARN_OBJC_ROOT_CLASS = YES_ERROR;
				CLANG_WARN_QUOTED_INCLUDE_IN_FRAMEWORK_HEADER = YES;
				CLANG_WARN_RANGE_LOOP_ANALYSIS = YES;
				CLANG_WARN_STRICT_PROTOTYPES = YES;
				CLANG_WARN_SUSPICIOUS_MOVE = YES;
				CLANG_WARN_UNGUARDED_AVAILABILITY = YES_AGGRESSIVE;
				CLANG_WARN_UNREACHABLE_CODE = YES;
				CLANG_WARN__DUPLICATE_METHOD_MATCH = YES;
				COPY_PHASE_STRIP = NO;
				DEBUG_INFORMATION_FORMAT = dwarf;
				ENABLE_STRICT_OBJC_MSGSEND = YES;
				ENABLE_TESTABILITY = YES;
				ENABLE_USER_SCRIPT_SANDBOXING = YES;
				GCC_C_LANGUAGE_STANDARD = gnu17;
				GCC_DYNAMIC_NO_PIC = NO;
				GCC_NO_COMMON_BLOCKS = YES;
				GCC_OPTIMIZATION_LEVEL = 0;
				GCC_PREPROCESSOR_DEFINITIONS = (
					"DEBUG=1",
					"$(inherited)",
				);
				GCC_WARN_64_TO_32_BIT_CONVERSION = YES;
				GCC_WARN_ABOUT_RETURN_TYPE = YES_ERROR;
				GCC_WARN_UNDECLARED_SELECTOR = YES;
				GCC_WARN_UNINITIALIZED_AUTOS = YES_AGGRESSIVE;
				GCC_WARN_UNUSED_FUNCTION = YES;
				GCC_WARN_UNUSED_VARIABLE = YES;
				IPHONEOS_DEPLOYMENT_TARGET = 17.0;
				LOCALIZATION_PREFERS_STRING_CATALOGS = YES;
				MTL_ENABLE_DEBUG_INFO = INCLUDE_SOURCE;
				MTL_FAST_MATH = YES;
				ONLY_ACTIVE_ARCH = YES;
				SDKROOT = iphoneos;
				SWIFT_ACTIVE_COMPILATION_CONDITIONS = "DEBUG $(inherited)";
				SWIFT_OPTIMIZATION_LEVEL = "-Onone";
			};
			name = Debug;
		};
		8800000000000002 /* Release */ = {
			isa = XCBuildConfiguration;
			buildSettings = {
				ALWAYS_SEARCH_USER_PATHS = NO;
				ASSETCATALOG_COMPILER_GENERATE_SWIFT_ASSET_SYMBOL_EXTENSIONS = YES;
				CLANG_ANALYZER_NONNULL = YES;
				CLANG_ANALYZER_NUMBER_OBJECT_CONVERSION = YES_AGGRESSIVE;
				CLANG_CXX_LANGUAGE_STANDARD = "gnu++20";
				CLANG_ENABLE_MODULES = YES;
				CLANG_ENABLE_OBJC_ARC = YES;
				CLANG_ENABLE_OBJC_WEAK = YES;
				CLANG_WARN_BLOCK_CAPTURE_AUTORELEASING = YES;
				CLANG_WARN_BOOL_CONVERSION = YES;
				CLANG_WARN_COMMA = YES;
				CLANG_WARN_CONSTANT_CONVERSION = YES;
				CLANG_WARN_DEPRECATED_OBJC_IMPLEMENTATIONS = YES;
				CLANG_WARN_DIRECT_OBJC_ISA_USAGE = YES_ERROR;
				CLANG_WARN_DOCUMENTATION_COMMENTS = YES;
				CLANG_WARN_EMPTY_BODY = YES;
				CLANG_WARN_ENUM_CONVERSION = YES;
				CLANG_WARN_INFINITE_RECURSION = YES;
				CLANG_WARN_INT_CONVERSION = YES;
				CLANG_WARN_NON_LITERAL_NULL_CONVERSION = YES;
				CLANG_WARN_OBJC_IMPLICIT_RETAIN_SELF = YES;
				CLANG_WARN_OBJC_LITERAL_CONVERSION = YES;
				CLANG_WARN_OBJC_ROOT_CLASS = YES_ERROR;
				CLANG_WARN_QUOTED_INCLUDE_IN_FRAMEWORK_HEADER = YES;
				CLANG_WARN_RANGE_LOOP_ANALYSIS = YES;
				CLANG_WARN_STRICT_PROTOTYPES = YES;
				CLANG_WARN_SUSPICIOUS_MOVE = YES;
				CLANG_WARN_UNGUARDED_AVAILABILITY = YES_AGGRESSIVE;
				CLANG_WARN_UNREACHABLE_CODE = YES;
				CLANG_WARN__DUPLICATE_METHOD_MATCH = YES;
				COPY_PHASE_STRIP = NO;
				DEBUG_INFORMATION_FORMAT = "dwarf-with-dsym";
				ENABLE_NS_ASSERTIONS = NO;
				ENABLE_STRICT_OBJC_MSGSEND = YES;
				ENABLE_USER_SCRIPT_SANDBOXING = YES;
				GCC_C_LANGUAGE_STANDARD = gnu17;
				GCC_NO_COMMON_BLOCKS = YES;
				GCC_WARN_64_TO_32_BIT_CONVERSION = YES;
				GCC_WARN_ABOUT_RETURN_TYPE = YES_ERROR;
				GCC_WARN_UNDECLARED_SELECTOR = YES;
				GCC_WARN_UNINITIALIZED_AUTOS = YES_AGGRESSIVE;
				GCC_WARN_UNUSED_FUNCTION = YES;
				GCC_WARN_UNUSED_VARIABLE = YES;
				IPHONEOS_DEPLOYMENT_TARGET = 17.0;
				LOCALIZATION_PREFERS_STRING_CATALOGS = YES;
				MTL_ENABLE_DEBUG_INFO = NO;
				MTL_FAST_MATH = YES;
				SDKROOT = iphoneos;
				SWIFT_COMPILATION_MODE = wholemodule;
				VALIDATE_PRODUCT = YES;
			};
			name = Release;
		};
		8800000000000003 /* Debug */ = {
			isa = XCBuildConfiguration;
			buildSettings = {
				ASSETCATALOG_COMPILER_APPICON_NAME = AppIcon;
				ASSETCATALOG_COMPILER_GLOBAL_ACCENT_COLOR_NAME = AccentColor;
				CODE_SIGN_STYLE = Automatic;
				CURRENT_PROJECT_VERSION = 1;
				DEVELOPMENT_TEAM = 7Q2SS8772K;
				ENABLE_PREVIEWS = YES;
				GENERATE_INFOPLIST_FILE = YES;
				INFOPLIST_FILE = AmateurRadioBeacon/Info.plist;
				INFOPLIST_KEY_LSApplicationCategoryType = "public.app-category.utilities";
				INFOPLIST_KEY_NSMicrophoneUsageDescription = "This app needs microphone access to record voice messages for beacon transmission.";
				INFOPLIST_KEY_UIApplicationSceneManifest_Generation = YES;
				INFOPLIST_KEY_UIApplicationSupportsIndirectInputEvents = YES;
				INFOPLIST_KEY_UILaunchScreen_Generation = YES;
				INFOPLIST_KEY_UISupportedInterfaceOrientations_iPad = "UIInterfaceOrientationPortrait UIInterfaceOrientationPortraitUpsideDown UIInterfaceOrientationLandscapeLeft UIInterfaceOrientationLandscapeRight";
				INFOPLIST_KEY_UISupportedInterfaceOrientations_iPhone = "UIInterfaceOrientationPortrait UIInterfaceOrientationLandscapeLeft UIInterfaceOrientationLandscapeRight";
				LD_RUNPATH_SEARCH_PATHS = (
					"$(inherited)",
					"@executable_path/Frameworks",
				);
				MARKETING_VERSION = 1.0;
				PRODUCT_BUNDLE_IDENTIFIER = com.w2asm.AmateurRadioBeacon;
				PRODUCT_NAME = "$(TARGET_NAME)";
				SWIFT_EMIT_LOC_STRINGS = YES;
				SWIFT_VERSION = 5.0;
				TARGETED_DEVICE_FAMILY = "1,2";
			};
			name = Debug;
		};
		8800000000000004 /* Release */ = {
			isa = XCBuildConfiguration;
			buildSettings = {
				ASSETCATALOG_COMPILER_APPICON_NAME = AppIcon;
				ASSETCATALOG_COMPILER_GLOBAL_ACCENT_COLOR_NAME = AccentColor;
				CODE_SIGN_STYLE = Automatic;
				CURRENT_PROJECT_VERSION = 1;
				DEVELOPMENT_TEAM = 7Q2SS8772K;
				ENABLE_PREVIEWS = YES;
				GENERATE_INFOPLIST_FILE = YES;
				INFOPLIST_FILE = AmateurRadioBeacon/Info.plist;
				INFOPLIST_KEY_LSApplicationCategoryType = "public.app-category.utilities";
				INFOPLIST_KEY_NSMicrophoneUsageDescription = "This app needs microphone access to record voice messages for beacon transmission.";
				INFOPLIST_KEY_UIApplicationSceneManifest_Generation = YES;
				INFOPLIST_KEY_UIApplicationSupportsIndirectInputEvents = YES;
				INFOPLIST_KEY_UILaunchScreen_Generation = YES;
				INFOPLIST_KEY_UISupportedInterfaceOrientations_iPad = "UIInterfaceOrientationPortrait UIInterfaceOrientationPortraitUpsideDown UIInterfaceOrientationLandscapeLeft UIInterfaceOrientationLandscapeRight";
				INFOPLIST_KEY_UISupportedInterfaceOrientations_iPhone = "UIInterfaceOrientationPortrait UIInterfaceOrientationLandscapeLeft UIInterfaceOrientationLandscapeRight";
				LD_RUNPATH_SEARCH_PATHS = (
					"$(inherited)",
					"@executable_path/Frameworks",
				);
				MARKETING_VERSION = 1.0;
				PRODUCT_BUNDLE_IDENTIFIER = com.w2asm.AmateurRadioBeacon;
				PRODUCT_NAME = "$(TARGET_NAME)";
				SWIFT_EMIT_LOC_STRINGS = YES;
				SWIFT_VERSION = 5.0;
				TARGETED_DEVICE_FAMILY = "1,2";
			};
			name = Release;
		};
/* End XCBuildConfiguration section */

/* Begin XCConfigurationList section */
		7700000000000001 /* Build configuration list for PBXProject "AmateurRadioBeacon" */ = {
			isa = XCConfigurationList;
			buildConfigurations = (
				8800000000000001 /* Debug */,
				8800000000000002 /* Release */,
			);
			defaultConfigurationIsVisible = 0;
			defaultConfigurationName = Release;
		};
		7700000000000003 /* Build configuration list for PBXNativeTarget "AmateurRadioBeacon" */ = {
			isa = XCConfigurationList;
			buildConfigurations = (
				8800000000000003 /* Debug */,
				8800000000000004 /* Release */,
			);
			defaultConfigurationIsVisible = 0;
			defaultConfigurationName = Release;
		};
/* End XCConfigurationList section */
	};
	rootObject = 0800000000000001 /* Project object */;
}
